// !$*UTF8*$!
{
	archiveVersion = 1;
	classes = {
	};
	objectVersion = 77;
	objects = {

/* Begin PBXBuildFile section */
		5046A1EC2CC82286003A8D9E /* WindowAnimation in Frameworks */ = {isa = PBXBuildFile; productRef = 5046A1EB2CC82286003A8D9E /* WindowAnimation */; };
		505386712CA3B89F0087A63A /* AuxiliaryExecute in Frameworks */ = {isa = PBXBuildFile; productRef = 505386702CA3B89F0087A63A /* AuxiliaryExecute */; };
		505386742CA3B8AF0087A63A /* ColorfulX in Frameworks */ = {isa = PBXBuildFile; productRef = 505386732CA3B8AF0087A63A /* ColorfulX */; };
		5053869C2CA3C0670087A63A /* Lottie in Frameworks */ = {isa = PBXBuildFile; productRef = 5053869B2CA3C0670087A63A /* Lottie */; };
		505386A52CA3CB560087A63A /* Localizable.xcstrings in Resources */ = {isa = PBXBuildFile; fileRef = 505386A42CA3CB560087A63A /* Localizable.xcstrings */; };
		505386A72CA3CB5D0087A63A /* InfoPlist.xcstrings in Resources */ = {isa = PBXBuildFile; fileRef = 505386A62CA3CB5D0087A63A /* InfoPlist.xcstrings */; };
		505F4BE52CA2E746008BE817 /* Foundation.framework in Frameworks */ = {isa = PBXBuildFile; fileRef = 505F4BE42CA2E745008BE817 /* Foundation.framework */; };
		505F4C202CA2E86F008BE817 /* Assets.xcassets in Resources */ = {isa = PBXBuildFile; fileRef = 505F4C172CA2E86F008BE817 /* Assets.xcassets */; };
		507CF2BE2CA69FA200B581CF /* License.txt in Resources */ = {isa = PBXBuildFile; fileRef = 507CF2BD2CA69FA200B581CF /* License.txt */; };
		507CF2C52CA6A7D000B581CF /* TermOfService.txt in Resources */ = {isa = PBXBuildFile; fileRef = 507CF2C42CA6A7D000B581CF /* TermOfService.txt */; };
		507CF2C92CA6A94300B581CF /* PrivacyPolicy.txt in Resources */ = {isa = PBXBuildFile; fileRef = 507CF2C82CA6A94300B581CF /* PrivacyPolicy.txt */; };
		508BA0052CB63BB700E8FD1B /* DockProgress in Frameworks */ = {isa = PBXBuildFile; productRef = 508BA0042CB63BB700E8FD1B /* DockProgress */; };
		50A4C96A2CC1089000954D3E /* ConfettiSwiftUI in Frameworks */ = {isa = PBXBuildFile; productRef = 50A4C9692CC1089000954D3E /* ConfettiSwiftUI */; };
		50A7D5BE2CA42D3500A9CBFB /* Digger in Frameworks */ = {isa = PBXBuildFile; productRef = 50A7D5BD2CA42D3500A9CBFB /* Digger */; };
		50A7D5C52CA4398B00A9CBFB /* Kingfisher in Frameworks */ = {isa = PBXBuildFile; productRef = 50A7D5C42CA4398B00A9CBFB /* Kingfisher */; };
		50A7D5C92CA5055400A9CBFB /* MobileTransfer.icns in Resources */ = {isa = PBXBuildFile; fileRef = 50A7D5C82CA5055400A9CBFB /* MobileTransfer.icns */; };
		50C18C452CA4079600F9F428 /* ApplePackage in Frameworks */ = {isa = PBXBuildFile; productRef = 50C18C442CA4079600F9F428 /* ApplePackage */; };
		50F485332CA3CEE10000FEF6 /* AppleMobileDeviceLibrary in Frameworks */ = {isa = PBXBuildFile; productRef = 50F485322CA3CEE10000FEF6 /* AppleMobileDeviceLibrary */; };
/* End PBXBuildFile section */

/* Begin PBXFileReference section */
		505386782CA3BBAB0087A63A /* Info.plist */ = {isa = PBXFileReference; lastKnownFileType = text.plist; path = Info.plist; sourceTree = "<group>"; };
		505386A42CA3CB560087A63A /* Localizable.xcstrings */ = {isa = PBXFileReference; lastKnownFileType = text.json.xcstrings; path = Localizable.xcstrings; sourceTree = "<group>"; };
		505386A62CA3CB5D0087A63A /* InfoPlist.xcstrings */ = {isa = PBXFileReference; lastKnownFileType = text.json.xcstrings; path = InfoPlist.xcstrings; sourceTree = "<group>"; };
		505F4BCF2CA2E709008BE817 /* MobileTransfer.app */ = {isa = PBXFileReference; explicitFileType = wrapper.application; includeInIndex = 0; path = MobileTransfer.app; sourceTree = BUILT_PRODUCTS_DIR; };
		505F4BE42CA2E745008BE817 /* Foundation.framework */ = {isa = PBXFileReference; lastKnownFileType = wrapper.framework; name = Foundation.framework; path = System/Library/Frameworks/Foundation.framework; sourceTree = SDKROOT; };
		505F4C172CA2E86F008BE817 /* Assets.xcassets */ = {isa = PBXFileReference; lastKnownFileType = folder.assetcatalog; path = Assets.xcassets; sourceTree = "<group>"; };
		505F4C1A2CA2E86F008BE817 /* Entitlements.entitlements */ = {isa = PBXFileReference; lastKnownFileType = text.plist.entitlements; path = Entitlements.entitlements; sourceTree = "<group>"; };
		507CF2BD2CA69FA200B581CF /* License.txt */ = {isa = PBXFileReference; lastKnownFileType = text; path = License.txt; sourceTree = "<group>"; };
		507CF2C32CA6A7D000B581CF /* en */ = {isa = PBXFileReference; lastKnownFileType = text; name = en; path = en.lproj/TermOfService.txt; sourceTree = "<group>"; };
		507CF2C62CA6A7D300B581CF /* zh-Hans */ = {isa = PBXFileReference; lastKnownFileType = text; name = "zh-Hans"; path = "zh-Hans.lproj/TermOfService.txt"; sourceTree = "<group>"; };
		507CF2C72CA6A94300B581CF /* en */ = {isa = PBXFileReference; lastKnownFileType = text; name = en; path = en.lproj/PrivacyPolicy.txt; sourceTree = "<group>"; };
		507CF2CA2CA6A94400B581CF /* zh-Hans */ = {isa = PBXFileReference; lastKnownFileType = text; name = "zh-Hans"; path = "zh-Hans.lproj/PrivacyPolicy.txt"; sourceTree = "<group>"; };
		508BA0022CB630F800E8FD1B /* Entitlements-Subprocess.entitlements */ = {isa = PBXFileReference; lastKnownFileType = text.plist.entitlements; path = "Entitlements-Subprocess.entitlements"; sourceTree = "<group>"; };
		50A7D5C82CA5055400A9CBFB /* MobileTransfer.icns */ = {isa = PBXFileReference; lastKnownFileType = image.icns; path = MobileTransfer.icns; sourceTree = "<group>"; };
		50DB49582CA3B68400A8078B /* EmbedMobileBackup.sh */ = {isa = PBXFileReference; lastKnownFileType = text.script.sh; path = EmbedMobileBackup.sh; sourceTree = "<group>"; };
		50DB495B2CA3B69200A8078B /* EmbedMobileInstall.sh */ = {isa = PBXFileReference; lastKnownFileType = text.script.sh; path = EmbedMobileInstall.sh; sourceTree = "<group>"; };
/* End PBXFileReference section */

/* Begin PBXFileSystemSynchronizedRootGroup section */
		50F413F02F62F25B00FE5C28 /* App */ = {
			isa = PBXFileSystemSynchronizedRootGroup;
			path = App;
			sourceTree = "<group>";
		};
		50F414082F62F25F00FE5C28 /* Extension */ = {
			isa = PBXFileSystemSynchronizedRootGroup;
			path = Extension;
			sourceTree = "<group>";
		};
		50F4143A2F62F25F00FE5C28 /* Backend */ = {
			isa = PBXFileSystemSynchronizedRootGroup;
			path = Backend;
			sourceTree = "<group>";
		};
		50F414752F62F25F00FE5C28 /* Interface */ = {
			isa = PBXFileSystemSynchronizedRootGroup;
			path = Interface;
			sourceTree = "<group>";
		};
/* End PBXFileSystemSynchronizedRootGroup section */

/* Begin PBXFrameworksBuildPhase section */
		505F4BCC2CA2E709008BE817 /* Frameworks */ = {
			isa = PBXFrameworksBuildPhase;
			buildActionMask = 2147483647;
			files = (
				50A4C96A2CC1089000954D3E /* ConfettiSwiftUI in Frameworks */,
				50A7D5BE2CA42D3500A9CBFB /* Digger in Frameworks */,
				5053869C2CA3C0670087A63A /* Lottie in Frameworks */,
				50C18C452CA4079600F9F428 /* ApplePackage in Frameworks */,
				50A7D5C52CA4398B00A9CBFB /* Kingfisher in Frameworks */,
				505F4BE52CA2E746008BE817 /* Foundation.framework in Frameworks */,
				505386742CA3B8AF0087A63A /* ColorfulX in Frameworks */,
				505386712CA3B89F0087A63A /* AuxiliaryExecute in Frameworks */,
				50F485332CA3CEE10000FEF6 /* AppleMobileDeviceLibrary in Frameworks */,
				508BA0052CB63BB700E8FD1B /* DockProgress in Frameworks */,
				5046A1EC2CC82286003A8D9E /* WindowAnimation in Frameworks */,
			);
			runOnlyForDeploymentPostprocessing = 0;
		};
/* End PBXFrameworksBuildPhase section */

/* Begin PBXGroup section */
		505F4BC62CA2E709008BE817 = {
			isa = PBXGroup;
			children = (
				505F4C1C2CA2E86F008BE817 /* MobileTransfer */,
				505F4BE32CA2E745008BE817 /* Frameworks */,
				505F4BD02CA2E709008BE817 /* Products */,
			);
			sourceTree = "<group>";
		};
		505F4BD02CA2E709008BE817 /* Products */ = {
			isa = PBXGroup;
			children = (
				505F4BCF2CA2E709008BE817 /* MobileTransfer.app */,
			);
			name = Products;
			sourceTree = "<group>";
		};
		505F4BE32CA2E745008BE817 /* Frameworks */ = {
			isa = PBXGroup;
			children = (
				505F4BE42CA2E745008BE817 /* Foundation.framework */,
			);
			name = Frameworks;
			sourceTree = "<group>";
		};
		505F4C1C2CA2E86F008BE817 /* MobileTransfer */ = {
			isa = PBXGroup;
			children = (
				505386782CA3BBAB0087A63A /* Info.plist */,
				505F4C1A2CA2E86F008BE817 /* Entitlements.entitlements */,
				508BA0022CB630F800E8FD1B /* Entitlements-Subprocess.entitlements */,
				50F413F02F62F25B00FE5C28 /* App */,
				50F4143A2F62F25F00FE5C28 /* Backend */,
				50F414752F62F25F00FE5C28 /* Interface */,
				50F414082F62F25F00FE5C28 /* Extension */,
				50DB49592CA3B68400A8078B /* Resources */,
			);
			path = MobileTransfer;
			sourceTree = "<group>";
		};
		50DB49592CA3B68400A8078B /* Resources */ = {
			isa = PBXGroup;
			children = (
				505F4C172CA2E86F008BE817 /* Assets.xcassets */,
				50A7D5C82CA5055400A9CBFB /* MobileTransfer.icns */,
				507CF2BD2CA69FA200B581CF /* License.txt */,
				507CF2C82CA6A94300B581CF /* PrivacyPolicy.txt */,
				507CF2C42CA6A7D000B581CF /* TermOfService.txt */,
				505386A42CA3CB560087A63A /* Localizable.xcstrings */,
				505386A62CA3CB5D0087A63A /* InfoPlist.xcstrings */,
				50DB495B2CA3B69200A8078B /* EmbedMobileInstall.sh */,
				50DB49582CA3B68400A8078B /* EmbedMobileBackup.sh */,
			);
			path = Resources;
			sourceTree = "<group>";
		};
/* End PBXGroup section */

/* Begin PBXNativeTarget section */
		505F4BCE2CA2E709008BE817 /* MobileTransfer */ = {
			isa = PBXNativeTarget;
			buildConfigurationList = 505F4BDE2CA2E70B008BE817 /* Build configuration list for PBXNativeTarget "MobileTransfer" */;
			buildPhases = (
				505F4BCB2CA2E709008BE817 /* Sources */,
				505F4BCC2CA2E709008BE817 /* Frameworks */,
				505F4BCD2CA2E709008BE817 /* Resources */,
				505F4C212CA2E8BB008BE817 /* Embed Mobile Backup */,
				50DB495D2CA3B6AC00A8078B /* Embed Mobile Install */,
			);
			buildRules = (
			);
			dependencies = (
			);
			fileSystemSynchronizedGroups = (
				50F413F02F62F25B00FE5C28 /* App */,
				50F414082F62F25F00FE5C28 /* Extension */,
				50F4143A2F62F25F00FE5C28 /* Backend */,
				50F414752F62F25F00FE5C28 /* Interface */,
			);
			name = MobileTransfer;
			packageProductDependencies = (
				505386702CA3B89F0087A63A /* AuxiliaryExecute */,
				505386732CA3B8AF0087A63A /* ColorfulX */,
				5053869B2CA3C0670087A63A /* Lottie */,
				50F485322CA3CEE10000FEF6 /* AppleMobileDeviceLibrary */,
				50C18C442CA4079600F9F428 /* ApplePackage */,
				50A7D5BD2CA42D3500A9CBFB /* Digger */,
				50A7D5C42CA4398B00A9CBFB /* Kingfisher */,
				508BA0042CB63BB700E8FD1B /* DockProgress */,
				50A4C9692CC1089000954D3E /* ConfettiSwiftUI */,
				5046A1EB2CC82286003A8D9E /* WindowAnimation */,
			);
			productName = MobileTransfer;
			productReference = 505F4BCF2CA2E709008BE817 /* MobileTransfer.app */;
			productType = "com.apple.product-type.application";
		};
/* End PBXNativeTarget section */

/* Begin PBXProject section */
		505F4BC72CA2E709008BE817 /* Project object */ = {
			isa = PBXProject;
			attributes = {
				BuildIndependentTargetsInParallel = 1;
				LastSwiftUpdateCheck = 1600;
				LastUpgradeCheck = 1640;
				TargetAttributes = {
					505F4BCE2CA2E709008BE817 = {
						CreatedOnToolsVersion = 16.0;
						LastSwiftMigration = 1600;
					};
				};
			};
			buildConfigurationList = 505F4BCA2CA2E709008BE817 /* Build configuration list for PBXProject "MobileTransfer" */;
			developmentRegion = en;
			hasScannedForEncodings = 0;
			knownRegions = (
				en,
				Base,
				"zh-Hans",
			);
			mainGroup = 505F4BC62CA2E709008BE817;
			minimizedProjectReferenceProxies = 1;
			packageReferences = (
				5053866F2CA3B89F0087A63A /* XCRemoteSwiftPackageReference "AuxiliaryExecute" */,
				505386722CA3B8AF0087A63A /* XCRemoteSwiftPackageReference "ColorfulX" */,
				5053869A2CA3C0670087A63A /* XCRemoteSwiftPackageReference "lottie-spm" */,
				50F485312CA3CEE10000FEF6 /* XCRemoteSwiftPackageReference "AppleMobileDeviceLibrary" */,
				50A7D5C32CA4398B00A9CBFB /* XCRemoteSwiftPackageReference "Kingfisher" */,
				508BA0032CB63BB700E8FD1B /* XCRemoteSwiftPackageReference "DockProgress" */,
				50A4C9682CC1089000954D3E /* XCRemoteSwiftPackageReference "ConfettiSwiftUI" */,
				50B420992CC8216D009F4C52 /* XCRemoteSwiftPackageReference "WindowAnimation" */,
				50C18C502CA4079600F9F428 /* XCRemoteSwiftPackageReference "ApplePackage" */,
			);
			preferredProjectObjectVersion = 77;
			projectDirPath = "";
			projectRoot = "";
			targets = (
				505F4BCE2CA2E709008BE817 /* MobileTransfer */,
			);
		};
/* End PBXProject section */

/* Begin PBXResourcesBuildPhase section */
		505F4BCD2CA2E709008BE817 /* Resources */ = {
			isa = PBXResourcesBuildPhase;
			buildActionMask = 2147483647;
			files = (
				505386A72CA3CB5D0087A63A /* InfoPlist.xcstrings in Resources */,
				507CF2C52CA6A7D000B581CF /* TermOfService.txt in Resources */,
				507CF2BE2CA69FA200B581CF /* License.txt in Resources */,
				505386A52CA3CB560087A63A /* Localizable.xcstrings in Resources */,
				507CF2C92CA6A94300B581CF /* PrivacyPolicy.txt in Resources */,
				505F4C202CA2E86F008BE817 /* Assets.xcassets in Resources */,
				50A7D5C92CA5055400A9CBFB /* MobileTransfer.icns in Resources */,
			);
			runOnlyForDeploymentPostprocessing = 0;
		};
/* End PBXResourcesBuildPhase section */

/* Begin PBXShellScriptBuildPhase section */
		505F4C212CA2E8BB008BE817 /* Embed Mobile Backup */ = {
			isa = PBXShellScriptBuildPhase;
			alwaysOutOfDate = 1;
			buildActionMask = 2147483647;
			files = (
			);
			inputFileListPaths = (
			);
			inputPaths = (
			);
			name = "Embed Mobile Backup";
			outputFileListPaths = (
			);
			outputPaths = (
			);
			runOnlyForDeploymentPostprocessing = 0;
			shellPath = /bin/sh;
			shellScript = "./MobileTransfer/Resources/EmbedMobileBackup.sh\n";
		};
		50DB495D2CA3B6AC00A8078B /* Embed Mobile Install */ = {
			isa = PBXShellScriptBuildPhase;
			alwaysOutOfDate = 1;
			buildActionMask = 2147483647;
			files = (
			);
			inputFileListPaths = (
			);
			inputPaths = (
			);
			name = "Embed Mobile Install";
			outputFileListPaths = (
			);
			outputPaths = (
			);
			runOnlyForDeploymentPostprocessing = 0;
			shellPath = /bin/sh;
			shellScript = "./MobileTransfer/Resources/EmbedMobileInstall.sh\n";
		};
/* End PBXShellScriptBuildPhase section */

/* Begin PBXSourcesBuildPhase section */
		505F4BCB2CA2E709008BE817 /* Sources */ = {
			isa = PBXSourcesBuildPhase;
			buildActionMask = 2147483647;
			files = (
			);
			runOnlyForDeploymentPostprocessing = 0;
		};
/* End PBXSourcesBuildPhase section */

/* Begin PBXVariantGroup section */
		507CF2C42CA6A7D000B581CF /* TermOfService.txt */ = {
			isa = PBXVariantGroup;
			children = (
				507CF2C32CA6A7D000B581CF /* en */,
				507CF2C62CA6A7D300B581CF /* zh-Hans */,
			);
			name = TermOfService.txt;
			sourceTree = "<group>";
		};
		507CF2C82CA6A94300B581CF /* PrivacyPolicy.txt */ = {
			isa = PBXVariantGroup;
			children = (
				507CF2C72CA6A94300B581CF /* en */,
				507CF2CA2CA6A94400B581CF /* zh-Hans */,
			);
			name = PrivacyPolicy.txt;
			sourceTree = "<group>";
		};
/* End PBXVariantGroup section */

/* Begin XCBuildConfiguration section */
		505F4BDC2CA2E70B008BE817 /* Debug */ = {
			isa = XCBuildConfiguration;
			buildSettings = {
				ALWAYS_SEARCH_USER_PATHS = NO;
				ASSETCATALOG_COMPILER_GENERATE_SWIFT_ASSET_SYMBOL_EXTENSIONS = YES;
				CLANG_ANALYZER_LOCALIZABILITY_NONLOCALIZED = YES;
				CLANG_ANALYZER_NONNULL = YES;
				CLANG_ANALYZER_NUMBER_OBJECT_CONVERSION = YES_AGGRESSIVE;
				CLANG_CXX_LANGUAGE_STANDARD = "gnu++20";
				CLANG_ENABLE_MODULES = YES;
				CLANG_ENABLE_OBJC_ARC = YES;
				CLANG_ENABLE_OBJC_WEAK = YES;
				CLANG_WARN_BLOCK_CAPTURE_AUTORELEASING = YES;
				CLANG_WARN_BOOL_CONVERSION = YES;
				CLANG_WARN_COMMA = YES;
				CLANG_WARN_CONSTANT_CONVERSION = YES;
				CLANG_WARN_DEPRECATED_OBJC_IMPLEMENTATIONS = YES;
				CLANG_WARN_DIRECT_OBJC_ISA_USAGE = YES_ERROR;
				CLANG_WARN_DOCUMENTATION_COMMENTS = YES;
				CLANG_WARN_EMPTY_BODY = YES;
				CLANG_WARN_ENUM_CONVERSION = YES;
				CLANG_WARN_INFINITE_RECURSION = YES;
				CLANG_WARN_INT_CONVERSION = YES;
				CLANG_WARN_NON_LITERAL_NULL_CONVERSION = YES;
				CLANG_WARN_OBJC_IMPLICIT_RETAIN_SELF = YES;
				CLANG_WARN_OBJC_LITERAL_CONVERSION = YES;
				CLANG_WARN_OBJC_ROOT_CLASS = YES_ERROR;
				CLANG_WARN_QUOTED_INCLUDE_IN_FRAMEWORK_HEADER = YES;
				CLANG_WARN_RANGE_LOOP_ANALYSIS = YES;
				CLANG_WARN_STRICT_PROTOTYPES = YES;
				CLANG_WARN_SUSPICIOUS_MOVE = YES;
				CLANG_WARN_UNGUARDED_AVAILABILITY = YES_AGGRESSIVE;
				CLANG_WARN_UNREACHABLE_CODE = YES;
				CLANG_WARN__DUPLICATE_METHOD_MATCH = YES;
				COPY_PHASE_STRIP = NO;
				DEAD_CODE_STRIPPING = YES;
				DEBUG_INFORMATION_FORMAT = dwarf;
				DEVELOPMENT_TEAM = 964G86XT2P;
				ENABLE_STRICT_OBJC_MSGSEND = YES;
				ENABLE_TESTABILITY = YES;
				ENABLE_USER_SCRIPT_SANDBOXING = YES;
				GCC_C_LANGUAGE_STANDARD = gnu17;
				GCC_DYNAMIC_NO_PIC = NO;
				GCC_NO_COMMON_BLOCKS = YES;
				GCC_OPTIMIZATION_LEVEL = 0;
				GCC_PREPROCESSOR_DEFINITIONS = (
					"DEBUG=1",
					"$(inherited)",
				);
				GCC_WARN_64_TO_32_BIT_CONVERSION = YES;
				GCC_WARN_ABOUT_RETURN_TYPE = YES_ERROR;
				GCC_WARN_UNDECLARED_SELECTOR = YES;
				GCC_WARN_UNINITIALIZED_AUTOS = YES_AGGRESSIVE;
				GCC_WARN_UNUSED_FUNCTION = YES;
				GCC_WARN_UNUSED_VARIABLE = YES;
				LOCALIZATION_PREFERS_STRING_CATALOGS = YES;
				MACOSX_DEPLOYMENT_TARGET = 15.0;
				MTL_ENABLE_DEBUG_INFO = INCLUDE_SOURCE;
				MTL_FAST_MATH = YES;
				ONLY_ACTIVE_ARCH = YES;
				SDKROOT = macosx;
				SWIFT_ACTIVE_COMPILATION_CONDITIONS = "DEBUG $(inherited)";
				SWIFT_EMIT_LOC_STRINGS = YES;
				SWIFT_OPTIMIZATION_LEVEL = "-Onone";
			};
			name = Debug;
		};
		505F4BDD2CA2E70B008BE817 /* Release */ = {
			isa = XCBuildConfiguration;
			buildSettings = {
				ALWAYS_SEARCH_USER_PATHS = NO;
				ASSETCATALOG_COMPILER_GENERATE_SWIFT_ASSET_SYMBOL_EXTENSIONS = YES;
				CLANG_ANALYZER_LOCALIZABILITY_NONLOCALIZED = YES;
				CLANG_ANALYZER_NONNULL = YES;
				CLANG_ANALYZER_NUMBER_OBJECT_CONVERSION = YES_AGGRESSIVE;
				CLANG_CXX_LANGUAGE_STANDARD = "gnu++20";
				CLANG_ENABLE_MODULES = YES;
				CLANG_ENABLE_OBJC_ARC = YES;
				CLANG_ENABLE_OBJC_WEAK = YES;
				CLANG_WARN_BLOCK_CAPTURE_AUTORELEASING = YES;
				CLANG_WARN_BOOL_CONVERSION = YES;
				CLANG_WARN_COMMA = YES;
				CLANG_WARN_CONSTANT_CONVERSION = YES;
				CLANG_WARN_DEPRECATED_OBJC_IMPLEMENTATIONS = YES;
				CLANG_WARN_DIRECT_OBJC_ISA_USAGE = YES_ERROR;
				CLANG_WARN_DOCUMENTATION_COMMENTS = YES;
				CLANG_WARN_EMPTY_BODY = YES;
				CLANG_WARN_ENUM_CONVERSION = YES;
				CLANG_WARN_INFINITE_RECURSION = YES;
				CLANG_WARN_INT_CONVERSION = YES;
				CLANG_WARN_NON_LITERAL_NULL_CONVERSION = YES;
				CLANG_WARN_OBJC_IMPLICIT_RETAIN_SELF = YES;
				CLANG_WARN_OBJC_LITERAL_CONVERSION = YES;
				CLANG_WARN_OBJC_ROOT_CLASS = YES_ERROR;
				CLANG_WARN_QUOTED_INCLUDE_IN_FRAMEWORK_HEADER = YES;
				CLANG_WARN_RANGE_LOOP_ANALYSIS = YES;
				CLANG_WARN_STRICT_PROTOTYPES = YES;
				CLANG_WARN_SUSPICIOUS_MOVE = YES;
				CLANG_WARN_UNGUARDED_AVAILABILITY = YES_AGGRESSIVE;
				CLANG_WARN_UNREACHABLE_CODE = YES;
				CLANG_WARN__DUPLICATE_METHOD_MATCH = YES;
				COPY_PHASE_STRIP = NO;
				DEAD_CODE_STRIPPING = YES;
				DEBUG_INFORMATION_FORMAT = "dwarf-with-dsym";
				DEVELOPMENT_TEAM = 964G86XT2P;
				ENABLE_NS_ASSERTIONS = NO;
				ENABLE_STRICT_OBJC_MSGSEND = YES;
				ENABLE_USER_SCRIPT_SANDBOXING = YES;
				GCC_C_LANGUAGE_STANDARD = gnu17;
				GCC_NO_COMMON_BLOCKS = YES;
				GCC_WARN_64_TO_32_BIT_CONVERSION = YES;
				GCC_WARN_ABOUT_RETURN_TYPE = YES_ERROR;
				GCC_WARN_UNDECLARED_SELECTOR = YES;
				GCC_WARN_UNINITIALIZED_AUTOS = YES_AGGRESSIVE;
				GCC_WARN_UNUSED_FUNCTION = YES;
				GCC_WARN_UNUSED_VARIABLE = YES;
				LOCALIZATION_PREFERS_STRING_CATALOGS = YES;
				MACOSX_DEPLOYMENT_TARGET = 15.0;
				MTL_ENABLE_DEBUG_INFO = NO;
				MTL_FAST_MATH = YES;
				SDKROOT = macosx;
				SWIFT_COMPILATION_MODE = wholemodule;
				SWIFT_EMIT_LOC_STRINGS = YES;
			};
			name = Release;
		};
		505F4BDF2CA2E70B008BE817 /* Debug */ = {
			isa = XCBuildConfiguration;
			buildSettings = {
				ASSETCATALOG_COMPILER_APPICON_NAME = AppIcon;
				ASSETCATALOG_COMPILER_GLOBAL_ACCENT_COLOR_NAME = AccentColor;
				CLANG_ENABLE_MODULES = YES;
				CODE_SIGN_ENTITLEMENTS = MobileTransfer/Entitlements.entitlements;
				CODE_SIGN_IDENTITY = "Apple Development";
				"CODE_SIGN_IDENTITY[sdk=macosx*]" = "Apple Development";
				CODE_SIGN_STYLE = Automatic;
				COMBINE_HIDPI_IMAGES = YES;
				CURRENT_PROJECT_VERSION = 0;
				DEAD_CODE_STRIPPING = YES;
				DEVELOPMENT_ASSET_PATHS = "";
				ENABLE_HARDENED_RUNTIME = YES;
				ENABLE_PREVIEWS = YES;
				ENABLE_USER_SCRIPT_SANDBOXING = NO;
				GENERATE_INFOPLIST_FILE = YES;
				INFOPLIST_FILE = MobileTransfer/Info.plist;
				INFOPLIST_KEY_CFBundleDisplayName = MobileTransfer;
				INFOPLIST_KEY_LSApplicationCategoryType = "public.app-category.utilities";
				INFOPLIST_KEY_NSHumanReadableCopyright = "Copyright © 2024 Lakr Aream. All Rights Reserved.";
				LD_RUNPATH_SEARCH_PATHS = (
					"$(inherited)",
					"@executable_path/../Frameworks",
				);
				MACOSX_DEPLOYMENT_TARGET = 14.0;
				MARKETING_VERSION = 2.0.1;
				OTHER_CODE_SIGN_FLAGS = "";
				PRODUCT_BUNDLE_IDENTIFIER = wiki.qaq.MobileTransfer;
				PRODUCT_NAME = "$(TARGET_NAME)";
				SWIFT_EMIT_LOC_STRINGS = YES;
				SWIFT_OPTIMIZATION_LEVEL = "-Onone";
				SWIFT_VERSION = 5.0;
			};
			name = Debug;
		};
		505F4BE02CA2E70B008BE817 /* Release */ = {
			isa = XCBuildConfiguration;
			buildSettings = {
				ASSETCATALOG_COMPILER_APPICON_NAME = AppIcon;
				ASSETCATALOG_COMPILER_GLOBAL_ACCENT_COLOR_NAME = AccentColor;
				CLANG_ENABLE_MODULES = YES;
				CODE_SIGN_ENTITLEMENTS = MobileTransfer/Entitlements.entitlements;
				CODE_SIGN_IDENTITY = "Apple Development";
				"CODE_SIGN_IDENTITY[sdk=macosx*]" = "Apple Development";
				CODE_SIGN_STYLE = Automatic;
				COMBINE_HIDPI_IMAGES = YES;
				CURRENT_PROJECT_VERSION = 0;
				DEAD_CODE_STRIPPING = YES;
				DEVELOPMENT_ASSET_PATHS = "";
				ENABLE_HARDENED_RUNTIME = YES;
				ENABLE_PREVIEWS = YES;
				ENABLE_USER_SCRIPT_SANDBOXING = NO;
				GENERATE_INFOPLIST_FILE = YES;
				INFOPLIST_FILE = MobileTransfer/Info.plist;
				INFOPLIST_KEY_CFBundleDisplayName = MobileTransfer;
				INFOPLIST_KEY_LSApplicationCategoryType = "public.app-category.utilities";
				INFOPLIST_KEY_NSHumanReadableCopyright = "Copyright © 2024 Lakr Aream. All Rights Reserved.";
				LD_RUNPATH_SEARCH_PATHS = (
					"$(inherited)",
					"@executable_path/../Frameworks",
				);
				MACOSX_DEPLOYMENT_TARGET = 14.0;
				MARKETING_VERSION = 2.0.1;
				OTHER_CODE_SIGN_FLAGS = "";
				PRODUCT_BUNDLE_IDENTIFIER = wiki.qaq.MobileTransfer;
				PRODUCT_NAME = "$(TARGET_NAME)";
				SWIFT_EMIT_LOC_STRINGS = YES;
				SWIFT_VERSION = 5.0;
			};
			name = Release;
		};
/* End XCBuildConfiguration section */

/* Begin XCConfigurationList section */
		505F4BCA2CA2E709008BE817 /* Build configuration list for PBXProject "MobileTransfer" */ = {
			isa = XCConfigurationList;
			buildConfigurations = (
				505F4BDC2CA2E70B008BE817 /* Debug */,
				505F4BDD2CA2E70B008BE817 /* Release */,
			);
			defaultConfigurationIsVisible = 0;
			defaultConfigurationName = Release;
		};
		505F4BDE2CA2E70B008BE817 /* Build configuration list for PBXNativeTarget "MobileTransfer" */ = {
			isa = XCConfigurationList;
			buildConfigurations = (
				505F4BDF2CA2E70B008BE817 /* Debug */,
				505F4BE02CA2E70B008BE817 /* Release */,
			);
			defaultConfigurationIsVisible = 0;
			defaultConfigurationName = Release;
		};
/* End XCConfigurationList section */

/* Begin XCRemoteSwiftPackageReference section */
		5053866F2CA3B89F0087A63A /* XCRemoteSwiftPackageReference "AuxiliaryExecute" */ = {
			isa = XCRemoteSwiftPackageReference;
			repositoryURL = "https://github.com/Lakr233/AuxiliaryExecute.git";
			requirement = {
				kind = upToNextMajorVersion;
				minimumVersion = 2.1.0;
			};
		};
		505386722CA3B8AF0087A63A /* XCRemoteSwiftPackageReference "ColorfulX" */ = {
			isa = XCRemoteSwiftPackageReference;
			repositoryURL = "https://github.com/Lakr233/ColorfulX.git";
			requirement = {
				kind = upToNextMajorVersion;
				minimumVersion = 6.1.0;
			};
		};
		5053869A2CA3C0670087A63A /* XCRemoteSwiftPackageReference "lottie-spm" */ = {
			isa = XCRemoteSwiftPackageReference;
			repositoryURL = "https://github.com/airbnb/lottie-spm.git";
			requirement = {
				kind = upToNextMajorVersion;
				minimumVersion = 4.6.0;
			};
		};
		508BA0032CB63BB700E8FD1B /* XCRemoteSwiftPackageReference "DockProgress" */ = {
			isa = XCRemoteSwiftPackageReference;
			repositoryURL = "https://github.com/sindresorhus/DockProgress";
			requirement = {
				kind = upToNextMajorVersion;
				minimumVersion = 5.1.0;
			};
		};
		50A4C9682CC1089000954D3E /* XCRemoteSwiftPackageReference "ConfettiSwiftUI" */ = {
			isa = XCRemoteSwiftPackageReference;
			repositoryURL = "https://github.com/simibac/ConfettiSwiftUI";
			requirement = {
				kind = upToNextMajorVersion;
				minimumVersion = 3.0.0;
			};
		};
		50A7D5C32CA4398B00A9CBFB /* XCRemoteSwiftPackageReference "Kingfisher" */ = {
			isa = XCRemoteSwiftPackageReference;
			repositoryURL = "https://github.com/onevcat/Kingfisher.git";
			requirement = {
				kind = upToNextMajorVersion;
				minimumVersion = 8.8.0;
			};
		};
		50B420992CC8216D009F4C52 /* XCRemoteSwiftPackageReference "WindowAnimation" */ = {
			isa = XCRemoteSwiftPackageReference;
			repositoryURL = "https://github.com/Lakr233/WindowAnimation";
			requirement = {
				kind = upToNextMajorVersion;
				minimumVersion = 1.1.0;
			};
		};
		50C18C502CA4079600F9F428 /* XCRemoteSwiftPackageReference "ApplePackage" */ = {
			isa = XCRemoteSwiftPackageReference;
			repositoryURL = "https://github.com/Lakr233/ApplePackage.git";
			requirement = {
				kind = upToNextMajorVersion;
				minimumVersion = 1.2.3;
			};
		};
		50F485312CA3CEE10000FEF6 /* XCRemoteSwiftPackageReference "AppleMobileDeviceLibrary" */ = {
			isa = XCRemoteSwiftPackageReference;
			repositoryURL = "https://github.com/Lakr233/AppleMobileDeviceLibrary.git";
			requirement = {
				kind = upToNextMajorVersion;
				minimumVersion = 1.0.1772947744;
			};
		};
/* End XCRemoteSwiftPackageReference section */

/* Begin XCSwiftPackageProductDependency section */
		5046A1EB2CC82286003A8D9E /* WindowAnimation */ = {
			isa = XCSwiftPackageProductDependency;
			package = 50B420992CC8216D009F4C52 /* XCRemoteSwiftPackageReference "WindowAnimation" */;
			productName = WindowAnimation;
		};
		505386702CA3B89F0087A63A /* AuxiliaryExecute */ = {
			isa = XCSwiftPackageProductDependency;
			package = 5053866F2CA3B89F0087A63A /* XCRemoteSwiftPackageReference "AuxiliaryExecute" */;
			productName = AuxiliaryExecute;
		};
		505386732CA3B8AF0087A63A /* ColorfulX */ = {
			isa = XCSwiftPackageProductDependency;
			package = 505386722CA3B8AF0087A63A /* XCRemoteSwiftPackageReference "ColorfulX" */;
			productName = ColorfulX;
		};
		5053869B2CA3C0670087A63A /* Lottie */ = {
			isa = XCSwiftPackageProductDependency;
			package = 5053869A2CA3C0670087A63A /* XCRemoteSwiftPackageReference "lottie-spm" */;
			productName = Lottie;
		};
		508BA0042CB63BB700E8FD1B /* DockProgress */ = {
			isa = XCSwiftPackageProductDependency;
			package = 508BA0032CB63BB700E8FD1B /* XCRemoteSwiftPackageReference "DockProgress" */;
			productName = DockProgress;
		};
		50A4C9692CC1089000954D3E /* ConfettiSwiftUI */ = {
			isa = XCSwiftPackageProductDependency;
			package = 50A4C9682CC1089000954D3E /* XCRemoteSwiftPackageReference "ConfettiSwiftUI" */;
			productName = ConfettiSwiftUI;
		};
		50A7D5BD2CA42D3500A9CBFB /* Digger */ = {
			isa = XCSwiftPackageProductDependency;
			productName = Digger;
		};
		50A7D5C42CA4398B00A9CBFB /* Kingfisher */ = {
			isa = XCSwiftPackageProductDependency;
			package = 50A7D5C32CA4398B00A9CBFB /* XCRemoteSwiftPackageReference "Kingfisher" */;
			productName = Kingfisher;
		};
		50C18C442CA4079600F9F428 /* ApplePackage */ = {
			isa = XCSwiftPackageProductDependency;
			package = 50C18C502CA4079600F9F428 /* XCRemoteSwiftPackageReference "ApplePackage" */;
			productName = ApplePackage;
		};
		50F485322CA3CEE10000FEF6 /* AppleMobileDeviceLibrary */ = {
			isa = XCSwiftPackageProductDependency;
			package = 50F485312CA3CEE10000FEF6 /* XCRemoteSwiftPackageReference "AppleMobileDeviceLibrary" */;
			productName = AppleMobileDeviceLibrary;
		};
/* End XCSwiftPackageProductDependency section */
	};
	rootObject = 505F4BC72CA2E709008BE817 /* Project object */;
}
